
Microsoft Visual Studio Solution File, Format Version 12.00
# Visual Studio 14
VisualStudioVersion = 14.0.25420.1
MinimumVisualStudioVersion = 10.0.40219.1
Project("{FAE04EC0-301F-11D3-BF4B-00C04F79EFBC}") = "Qiniu", "Qiniu\Qiniu.csproj", "{300AF5A9-C561-448A-8709-20F853A7D43E}"
EndProject
Project("{FAE04EC0-301F-11D3-BF4B-00C04F79EFBC}") = "Qiniu.UnitTests", "Qiniu.UnitTests\Qiniu.UnitTests.csproj", "{F54425A1-7C6C-4584-AA9C-4DFA59CD9F41}"
EndProject
Project("{FAE04EC0-301F-11D3-BF4B-00C04F79EFBC}") = "Qiniu.SampleApp", "Qiniu.SampleApp\Qiniu.SampleApp.csproj", "{CB5FB6B8-57F4-449C-9F8A-0E745F4AD203}"
EndProject
Project("{2150E333-8FDC-42A3-9474-1A3956D46DE8}") = "Sdk", "Sdk", "{6011179C-DD48-4F39-B966-6EA233727FBD}"
EndProject
Project("{2150E333-8FDC-42A3-9474-1A3956D46DE8}") = "Tests", "Tests", "{D64FFC36-3014-440F-AF8A-580BFD7D8A4E}"
EndProject
Project("{2150E333-8FDC-42A3-9474-1A3956D46DE8}") = "App", "App", "{F03C6BF5-78D9-48F4-AD54-CF29BD9C7BEC}"
EndProject
Global
	GlobalSection(SolutionConfigurationPlatforms) = preSolution
		Debug|Any CPU = Debug|Any CPU
		Debug|ARM = Debug|ARM
		Debug|x64 = Debug|x64
		Debug|x86 = Debug|x86
		Release|Any CPU = Release|Any CPU
		Release|ARM = Release|ARM
		Release|x64 = Release|x64
		Release|x86 = Release|x86
	EndGlobalSection
	GlobalSection(ProjectConfigurationPlatforms) = postSolution
		{300AF5A9-C561-448A-8709-20F853A7D43E}.Debug|Any CPU.ActiveCfg = Debug|Any CPU
		{300AF5A9-C561-448A-8709-20F853A7D43E}.Debug|Any CPU.Build.0 = Debug|Any CPU
		{300AF5A9-C561-448A-8709-20F853A7D43E}.Debug|ARM.ActiveCfg = Debug|ARM
		{300AF5A9-C561-448A-8709-20F853A7D43E}.Debug|ARM.Build.0 = Debug|ARM
		{300AF5A9-C561-448A-8709-20F853A7D43E}.Debug|x64.ActiveCfg = Debug|x64
		{300AF5A9-C561-448A-8709-20F853A7D43E}.Debug|x64.Build.0 = Debug|x64
		{300AF5A9-C561-448A-8709-20F853A7D43E}.Debug|x86.ActiveCfg = Debug|x86
		{300AF5A9-C561-448A-8709-20F853A7D43E}.Debug|x86.Build.0 = Debug|x86
		{300AF5A9-C561-448A-8709-20F853A7D43E}.Release|Any CPU.ActiveCfg = Release|Any CPU
		{300AF5A9-C561-448A-8709-20F853A7D43E}.Release|Any CPU.Build.0 = Release|Any CPU
		{300AF5A9-C561-448A-8709-20F853A7D43E}.Release|ARM.ActiveCfg = Release|ARM
		{300AF5A9-C561-448A-8709-20F853A7D43E}.Release|ARM.Build.0 = Release|ARM
		{300AF5A9-C561-448A-8709-20F853A7D43E}.Release|x64.ActiveCfg = Release|x64
		{300AF5A9-C561-448A-8709-20F853A7D43E}.Release|x64.Build.0 = Release|x64
		{300AF5A9-C561-448A-8709-20F853A7D43E}.Release|x86.ActiveCfg = Release|x86
		{300AF5A9-C561-448A-8709-20F853A7D43E}.Release|x86.Build.0 = Release|x86
		{F54425A1-7C6C-4584-AA9C-4DFA59CD9F41}.Debug|Any CPU.ActiveCfg = Debug|x86
		{F54425A1-7C6C-4584-AA9C-4DFA59CD9F41}.Debug|ARM.ActiveCfg = Debug|ARM
		{F54425A1-7C6C-4584-AA9C-4DFA59CD9F41}.Debug|ARM.Build.0 = Debug|ARM
		{F54425A1-7C6C-4584-AA9C-4DFA59CD9F41}.Debug|ARM.Deploy.0 = Debug|ARM
		{F54425A1-7C6C-4584-AA9C-4DFA59CD9F41}.Debug|x64.ActiveCfg = Debug|x64
		{F54425A1-7C6C-4584-AA9C-4DFA59CD9F41}.Debug|x64.Build.0 = Debug|x64
		{F54425A1-7C6C-4584-AA9C-4DFA59CD9F41}.Debug|x64.Deploy.0 = Debug|x64
		{F54425A1-7C6C-4584-AA9C-4DFA59CD9F41}.Debug|x86.ActiveCfg = Debug|x86
		{F54425A1-7C6C-4584-AA9C-4DFA59CD9F41}.Debug|x86.Build.0 = Debug|x86
		{F54425A1-7C6C-4584-AA9C-4DFA59CD9F41}.Debug|x86.Deploy.0 = Debug|x86
		{F54425A1-7C6C-4584-AA9C-4DFA59CD9F41}.Release|Any CPU.ActiveCfg = Release|x86
		{F54425A1-7C6C-4584-AA9C-4DFA59CD9F41}.Release|ARM.ActiveCfg = Release|ARM
		{F54425A1-7C6C-4584-AA9C-4DFA59CD9F41}.Release|ARM.Build.0 = Release|ARM
		{F54425A1-7C6C-4584-AA9C-4DFA59CD9F41}.Release|ARM.Deploy.0 = Release|ARM
		{F54425A1-7C6C-4584-AA9C-4DFA59CD9F41}.Release|x64.ActiveCfg = Release|x64
		{F54425A1-7C6C-4584-AA9C-4DFA59CD9F41}.Release|x64.Build.0 = Release|x64
		{F54425A1-7C6C-4584-AA9C-4DFA59CD9F41}.Release|x64.Deploy.0 = Release|x64
		{F54425A1-7C6C-4584-AA9C-4DFA59CD9F41}.Release|x86.ActiveCfg = Release|x86
		{F54425A1-7C6C-4584-AA9C-4DFA59CD9F41}.Release|x86.Build.0 = Release|x86
		{F54425A1-7C6C-4584-AA9C-4DFA59CD9F41}.Release|x86.Deploy.0 = Release|x86
		{CB5FB6B8-57F4-449C-9F8A-0E745F4AD203}.Debug|Any CPU.ActiveCfg = Debug|x86
		{CB5FB6B8-57F4-449C-9F8A-0E745F4AD203}.Debug|ARM.ActiveCfg = Debug|ARM
		{CB5FB6B8-57F4-449C-9F8A-0E745F4AD203}.Debug|ARM.Build.0 = Debug|ARM
		{CB5FB6B8-57F4-449C-9F8A-0E745F4AD203}.Debug|ARM.Deploy.0 = Debug|ARM
		{CB5FB6B8-57F4-449C-9F8A-0E745F4AD203}.Debug|x64.ActiveCfg = Debug|x64
		{CB5FB6B8-57F4-449C-9F8A-0E745F4AD203}.Debug|x64.Build.0 = Debug|x64
		{CB5FB6B8-57F4-449C-9F8A-0E745F4AD203}.Debug|x64.Deploy.0 = Debug|x64
		{CB5FB6B8-57F4-449C-9F8A-0E745F4AD203}.Debug|x86.ActiveCfg = Debug|x86
		{CB5FB6B8-57F4-449C-9F8A-0E745F4AD203}.Debug|x86.Build.0 = Debug|x86
		{CB5FB6B8-57F4-449C-9F8A-0E745F4AD203}.Debug|x86.Deploy.0 = Debug|x86
		{CB5FB6B8-57F4-449C-9F8A-0E745F4AD203}.Release|Any CPU.ActiveCfg = Release|x86
		{CB5FB6B8-57F4-449C-9F8A-0E745F4AD203}.Release|ARM.ActiveCfg = Release|ARM
		{CB5FB6B8-57F4-449C-9F8A-0E745F4AD203}.Release|ARM.Build.0 = Release|ARM
		{CB5FB6B8-57F4-449C-9F8A-0E745F4AD203}.Release|ARM.Deploy.0 = Release|ARM
		{CB5FB6B8-57F4-449C-9F8A-0E745F4AD203}.Release|x64.ActiveCfg = Release|x64
		{CB5FB6B8-57F4-449C-9F8A-0E745F4AD203}.Release|x64.Build.0 = Release|x64
		{CB5FB6B8-57F4-449C-9F8A-0E745F4AD203}.Release|x64.Deploy.0 = Release|x64
		{CB5FB6B8-57F4-449C-9F8A-0E745F4AD203}.Release|x86.ActiveCfg = Release|x86
		{CB5FB6B8-57F4-449C-9F8A-0E745F4AD203}.Release|x86.Build.0 = Release|x86
		{CB5FB6B8-57F4-449C-9F8A-0E745F4AD203}.Release|x86.Deploy.0 = Release|x86
	EndGlobalSection
	GlobalSection(SolutionProperties) = preSolution
		HideSolutionNode = FALSE
	EndGlobalSection
	GlobalSection(NestedProjects) = preSolution
		{300AF5A9-C561-448A-8709-20F853A7D43E} = {6011179C-DD48-4F39-B966-6EA233727FBD}
		{F54425A1-7C6C-4584-AA9C-4DFA59CD9F41} = {D64FFC36-3014-440F-AF8A-580BFD7D8A4E}
		{CB5FB6B8-57F4-449C-9F8A-0E745F4AD203} = {F03C6BF5-78D9-48F4-AD54-CF29BD9C7BEC}
	EndGlobalSection
EndGlobal
